GIT
  remote: https://github.com/apache/thrift.git
  revision: fd9756c19d1ea5763ffd8be88fff1db1ccd0d6ba
  branch: master
  glob: lib/rb/*.gemspec
  specs:
    thrift (0.23.0)
      logger

GEM
  remote: https://rubygems.org/
  specs:
    logger (1.7.0)
    rake (13.3.1)

PLATFORMS
  arm64-darwin-25
  ruby

DEPENDENCIES
  rake (~> 13.2)
  thrift!

CHECKSUMS
  logger (1.7.0) sha256=196edec7cc44b66cfb40f9755ce11b392f21f7967696af15d274dde7edff0203
  rake (13.3.1) sha256=8c9e89d09f66a26a01264e7e3480ec0607f0c497a861ef16063604b1b08eb19c
  thrift (0.23.0)

RUBY VERSION
  ruby 4.0.1

BUNDLED WITH
  4.0.6
